
Microsoft Visual Studio Solution File, Format Version 12.00
# Visual Studio Version 17
VisualStudioVersion = 17.0.32112.339
MinimumVisualStudioVersion = 10.0.40219.1
Project("{9A19103F-16F7-4668-BE54-9A1E7A4F7556}") = "Codi.Core.WebAPI", "Core\Codi.Core\Codi.Core.WebAPI\Codi.Core.WebAPI.csproj", "{24DE9F34-529D-4F96-88F9-79B30E2A58DF}"
EndProject
Project("{9A19103F-16F7-4668-BE54-9A1E7A4F7556}") = "Codi.Core.Common", "Core\Codi.Core\Codi.Core.Common\Codi.Core.Common.csproj", "{261AA71D-C9F6-488F-95BB-4134E2C8970C}"
EndProject
Project("{9A19103F-16F7-4668-BE54-9A1E7A4F7556}") = "Codi.Core.BL", "Core\Codi.Core\Codi.Core.BL\Codi.Core.BL.csproj", "{D7968AD1-E6DB-4384-92AF-720FA687D07F}"
EndProject
Project("{9A19103F-16F7-4668-BE54-9A1E7A4F7556}") = "Codi. Core.DAL", "Core\Codi.Core\Codi. Core.DAL\Codi. Core.DAL.csproj", "{6EFC7BA2-9B02-4EBB-9BE0-64590872E753}"
EndProject
Project("{2150E333-8FDC-42A3-9474-1A3956D46DE8}") = "Watchdog.Core", "Watchdog.Core", "{9F257BC7-8C6F-4CBD-924B-35AFF80583E8}"
	ProjectSection(SolutionItems) = preProject
		Dockerfile = Dockerfile
	EndProjectSection
EndProject
Global
	GlobalSection(SolutionConfigurationPlatforms) = preSolution
		Debug|Any CPU = Debug|Any CPU
		Release|Any CPU = Release|Any CPU
	EndGlobalSection
	GlobalSection(ProjectConfigurationPlatforms) = postSolution
		{24DE9F34-529D-4F96-88F9-79B30E2A58DF}.Debug|Any CPU.ActiveCfg = Debug|Any CPU
		{24DE9F34-529D-4F96-88F9-79B30E2A58DF}.Debug|Any CPU.Build.0 = Debug|Any CPU
		{24DE9F34-529D-4F96-88F9-79B30E2A58DF}.Release|Any CPU.ActiveCfg = Release|Any CPU
		{24DE9F34-529D-4F96-88F9-79B30E2A58DF}.Release|Any CPU.Build.0 = Release|Any CPU
		{261AA71D-C9F6-488F-95BB-4134E2C8970C}.Debug|Any CPU.ActiveCfg = Debug|Any CPU
		{261AA71D-C9F6-488F-95BB-4134E2C8970C}.Debug|Any CPU.Build.0 = Debug|Any CPU
		{261AA71D-C9F6-488F-95BB-4134E2C8970C}.Release|Any CPU.ActiveCfg = Release|Any CPU
		{261AA71D-C9F6-488F-95BB-4134E2C8970C}.Release|Any CPU.Build.0 = Release|Any CPU
		{D7968AD1-E6DB-4384-92AF-720FA687D07F}.Debug|Any CPU.ActiveCfg = Debug|Any CPU
		{D7968AD1-E6DB-4384-92AF-720FA687D07F}.Debug|Any CPU.Build.0 = Debug|Any CPU
		{D7968AD1-E6DB-4384-92AF-720FA687D07F}.Release|Any CPU.ActiveCfg = Release|Any CPU
		{D7968AD1-E6DB-4384-92AF-720FA687D07F}.Release|Any CPU.Build.0 = Release|Any CPU
		{6EFC7BA2-9B02-4EBB-9BE0-64590872E753}.Debug|Any CPU.ActiveCfg = Debug|Any CPU
		{6EFC7BA2-9B02-4EBB-9BE0-64590872E753}.Debug|Any CPU.Build.0 = Debug|Any CPU
		{6EFC7BA2-9B02-4EBB-9BE0-64590872E753}.Release|Any CPU.ActiveCfg = Release|Any CPU
		{6EFC7BA2-9B02-4EBB-9BE0-64590872E753}.Release|Any CPU.Build.0 = Release|Any CPU
	EndGlobalSection
	GlobalSection(SolutionProperties) = preSolution
		HideSolutionNode = FALSE
	EndGlobalSection
	GlobalSection(ExtensibilityGlobals) = postSolution
		SolutionGuid = {DB07EF95-C6C2-4E59-8D68-66F10CCA75FA}
	EndGlobalSection
EndGlobal
